{
  "originHash" : "58af79ac3fd5626efd569f1f3253c48f70126609f78211fe00240e2245d06a2e",
  "pins" : [
    {
      "identity" : "swift-argument-parser",
      "kind" : "remoteSourceControl",
      "location" : "https://github.com/apple/swift-argument-parser",
      "state" : {
        "revision" : "c5d11a805e765f52ba34ec7284bd4fcd6ba68615",
        "version" : "1.7.0"
      }
    },
    {
      "identity" : "swiftterm",
      "kind" : "remoteSourceControl",
      "location" : "https://github.com/migueldeicaza/SwiftTerm.git",
      "state" : {
        "revision" : "464df5207fc2432e16c9a23abe538187196daf5f"
      }
    }
  ],
  "version" : 3
}
